
Microsoft Visual Studio Solution File, Format Version 12.00
# Visual Studio Version 17
VisualStudioVersion = 17.2.32602.215
MinimumVisualStudioVersion = 10.0.40219.1
Project("{9A19103F-16F7-4668-BE54-9A1E7A4F7556}") = "FBSharedLibrary", "FBSharedLibrary\FBSharedLibrary.csproj", "{A10C9380-1068-4EB0-8D8B-5F0EFD2FCDE9}"
EndProject
Project("{9A19103F-16F7-4668-BE54-9A1E7A4F7556}") = "FBGateway", "FBGateway\FBGateway.csproj", "{3C472F8A-2888-4211-A806-75D4D3CA6D0D}"
	ProjectSection(ProjectDependencies) = postProject
		{A10C9380-1068-4EB0-8D8B-5F0EFD2FCDE9} = {A10C9380-1068-4EB0-8D8B-5F0EFD2FCDE9}
	EndProjectSection
EndProject
Project("{9A19103F-16F7-4668-BE54-9A1E7A4F7556}") = "FBUserApi", "FBUserApi\FBUserApi.csproj", "{165C44D6-69F6-44A2-BA95-0CDA7FE7C3E3}"
	ProjectSection(ProjectDependencies) = postProject
		{3C472F8A-2888-4211-A806-75D4D3CA6D0D} = {3C472F8A-2888-4211-A806-75D4D3CA6D0D}
	EndProjectSection
EndProject
Project("{9A19103F-16F7-4668-BE54-9A1E7A4F7556}") = "FBProjectApi", "FBProjectApi\FBProjectApi.csproj", "{F1355A6A-6379-4A20-9539-D717E4935C98}"
	ProjectSection(ProjectDependencies) = postProject
		{A10C9380-1068-4EB0-8D8B-5F0EFD2FCDE9} = {A10C9380-1068-4EB0-8D8B-5F0EFD2FCDE9}
	EndProjectSection
EndProject
Project("{9A19103F-16F7-4668-BE54-9A1E7A4F7556}") = "FBCompanyApi", "FBCompanyApi\FBCompanyApi.csproj", "{9A83918A-2B80-4884-B387-5A9DFE8A028D}"
	ProjectSection(ProjectDependencies) = postProject
		{A10C9380-1068-4EB0-8D8B-5F0EFD2FCDE9} = {A10C9380-1068-4EB0-8D8B-5F0EFD2FCDE9}
	EndProjectSection
EndProject
Project("{FAE04EC0-301F-11D3-BF4B-00C04F79EFBC}") = "FBDAL", "FBDAL\FBDAL.csproj", "{DEF1E554-4893-4FA4-A0FE-322D58B130F5}"
EndProject
Project("{FAE04EC0-301F-11D3-BF4B-00C04F79EFBC}") = "FBUnitTest", "FBUnitTest\FBUnitTest.csproj", "{44486C48-7908-4154-B17B-CDFE593587DA}"
EndProject
Global
	GlobalSection(SolutionConfigurationPlatforms) = preSolution
		Debug|Any CPU = Debug|Any CPU
		Release|Any CPU = Release|Any CPU
	EndGlobalSection
	GlobalSection(ProjectConfigurationPlatforms) = postSolution
		{A10C9380-1068-4EB0-8D8B-5F0EFD2FCDE9}.Debug|Any CPU.ActiveCfg = Debug|Any CPU
		{A10C9380-1068-4EB0-8D8B-5F0EFD2FCDE9}.Debug|Any CPU.Build.0 = Debug|Any CPU
		{A10C9380-1068-4EB0-8D8B-5F0EFD2FCDE9}.Release|Any CPU.ActiveCfg = Release|Any CPU
		{A10C9380-1068-4EB0-8D8B-5F0EFD2FCDE9}.Release|Any CPU.Build.0 = Release|Any CPU
		{3C472F8A-2888-4211-A806-75D4D3CA6D0D}.Debug|Any CPU.ActiveCfg = Debug|Any CPU
		{3C472F8A-2888-4211-A806-75D4D3CA6D0D}.Debug|Any CPU.Build.0 = Debug|Any CPU
		{3C472F8A-2888-4211-A806-75D4D3CA6D0D}.Release|Any CPU.ActiveCfg = Release|Any CPU
		{3C472F8A-2888-4211-A806-75D4D3CA6D0D}.Release|Any CPU.Build.0 = Release|Any CPU
		{165C44D6-69F6-44A2-BA95-0CDA7FE7C3E3}.Debug|Any CPU.ActiveCfg = Debug|Any CPU
		{165C44D6-69F6-44A2-BA95-0CDA7FE7C3E3}.Debug|Any CPU.Build.0 = Debug|Any CPU
		{165C44D6-69F6-44A2-BA95-0CDA7FE7C3E3}.Release|Any CPU.ActiveCfg = Release|Any CPU
		{165C44D6-69F6-44A2-BA95-0CDA7FE7C3E3}.Release|Any CPU.Build.0 = Release|Any CPU
		{F1355A6A-6379-4A20-9539-D717E4935C98}.Debug|Any CPU.ActiveCfg = Debug|Any CPU
		{F1355A6A-6379-4A20-9539-D717E4935C98}.Debug|Any CPU.Build.0 = Debug|Any CPU
		{F1355A6A-6379-4A20-9539-D717E4935C98}.Release|Any CPU.ActiveCfg = Release|Any CPU
		{F1355A6A-6379-4A20-9539-D717E4935C98}.Release|Any CPU.Build.0 = Release|Any CPU
		{9A83918A-2B80-4884-B387-5A9DFE8A028D}.Debug|Any CPU.ActiveCfg = Debug|Any CPU
		{9A83918A-2B80-4884-B387-5A9DFE8A028D}.Debug|Any CPU.Build.0 = Debug|Any CPU
		{9A83918A-2B80-4884-B387-5A9DFE8A028D}.Release|Any CPU.ActiveCfg = Release|Any CPU
		{9A83918A-2B80-4884-B387-5A9DFE8A028D}.Release|Any CPU.Build.0 = Release|Any CPU
		{DEF1E554-4893-4FA4-A0FE-322D58B130F5}.Debug|Any CPU.ActiveCfg = Debug|Any CPU
		{DEF1E554-4893-4FA4-A0FE-322D58B130F5}.Debug|Any CPU.Build.0 = Debug|Any CPU
		{DEF1E554-4893-4FA4-A0FE-322D58B130F5}.Release|Any CPU.ActiveCfg = Release|Any CPU
		{DEF1E554-4893-4FA4-A0FE-322D58B130F5}.Release|Any CPU.Build.0 = Release|Any CPU
		{44486C48-7908-4154-B17B-CDFE593587DA}.Debug|Any CPU.ActiveCfg = Debug|Any CPU
		{44486C48-7908-4154-B17B-CDFE593587DA}.Debug|Any CPU.Build.0 = Debug|Any CPU
		{44486C48-7908-4154-B17B-CDFE593587DA}.Release|Any CPU.ActiveCfg = Release|Any CPU
		{44486C48-7908-4154-B17B-CDFE593587DA}.Release|Any CPU.Build.0 = Release|Any CPU
	EndGlobalSection
	GlobalSection(SolutionProperties) = preSolution
		HideSolutionNode = FALSE
	EndGlobalSection
	GlobalSection(ExtensibilityGlobals) = postSolution
		SolutionGuid = {D5439CF1-FFFA-4F11-A7DA-38A026E93A9D}
	EndGlobalSection
EndGlobal
